
Microsoft Visual Studio Solution File, Format Version 12.00
# Visual Studio Version 17
VisualStudioVersion = 17.7.34009.444
MinimumVisualStudioVersion = 10.0.40219.1
Project("{9A19103F-16F7-4668-BE54-9A1E7A4F7556}") = "Course", "Course\Course.csproj", "{23D7D9A2-CD61-4192-A680-9C13E50CFAF5}"
EndProject
Global
	GlobalSection(SolutionConfigurationPlatforms) = preSolution
		Debug|Any CPU = Debug|Any CPU
		Release|Any CPU = Release|Any CPU
	EndGlobalSection
	GlobalSection(ProjectConfigurationPlatforms) = postSolution
		{23D7D9A2-CD61-4192-A680-9C13E50CFAF5}.Debug|Any CPU.ActiveCfg = Debug|Any CPU
		{23D7D9A2-CD61-4192-A680-9C13E50CFAF5}.Debug|Any CPU.Build.0 = Debug|Any CPU
		{23D7D9A2-CD61-4192-A680-9C13E50CFAF5}.Release|Any CPU.ActiveCfg = Release|Any CPU
		{23D7D9A2-CD61-4192-A680-9C13E50CFAF5}.Release|Any CPU.Build.0 = Release|Any CPU
	EndGlobalSection
	GlobalSection(SolutionProperties) = preSolution
		HideSolutionNode = FALSE
	EndGlobalSection
	GlobalSection(ExtensibilityGlobals) = postSolution
		SolutionGuid = {7F79B0A4-2A2C-47D4-A365-90F5AA27A033}
	EndGlobalSection
EndGlobal
